
Microsoft Visual Studio Solution File, Format Version 12.00
# Visual Studio 15
VisualStudioVersion = 15.0.28010.2050
MinimumVisualStudioVersion = 10.0.40219.1
Project("{FAE04EC0-301F-11D3-BF4B-00C04F79EFBC}") = "cniapi", "cniapi\cniapi.csproj", "{0F0F3742-30D1-46EB-9D95-13C90383E690}"
EndProject
Global
	GlobalSection(SolutionConfigurationPlatforms) = preSolution
		Debug|Any CPU = Debug|Any CPU
		Release|Any CPU = Release|Any CPU
	EndGlobalSection
	GlobalSection(ProjectConfigurationPlatforms) = postSolution
		{0F0F3742-30D1-46EB-9D95-13C90383E690}.Debug|Any CPU.ActiveCfg = Debug|Any CPU
		{0F0F3742-30D1-46EB-9D95-13C90383E690}.Debug|Any CPU.Build.0 = Debug|Any CPU
		{0F0F3742-30D1-46EB-9D95-13C90383E690}.Release|Any CPU.ActiveCfg = Release|Any CPU
		{0F0F3742-30D1-46EB-9D95-13C90383E690}.Release|Any CPU.Build.0 = Release|Any CPU
	EndGlobalSection
	GlobalSection(SolutionProperties) = preSolution
		HideSolutionNode = FALSE
	EndGlobalSection
	GlobalSection(ExtensibilityGlobals) = postSolution
		SolutionGuid = {BCCD46B4-13C7-4A92-AAA1-F3BB53957B83}
	EndGlobalSection
EndGlobal
